
Microsoft Visual Studio Solution File, Format Version 12.00
# Visual Studio Version 17
VisualStudioVersion = 17.5.002.0
MinimumVisualStudioVersion = 10.0.40219.1
Project("{9A19103F-16F7-4668-BE54-9A1E7A4F7556}") = "SerilogLoggingMiddleware", "SerilogLoggingMiddleware\SerilogLoggingMiddleware.csproj", "{4B98AD4F-1882-4DDA-A1B5-FF798D273E48}"
EndProject
Global
	GlobalSection(SolutionConfigurationPlatforms) = preSolution
		Debug|Any CPU = Debug|Any CPU
		Release|Any CPU = Release|Any CPU
	EndGlobalSection
	GlobalSection(ProjectConfigurationPlatforms) = postSolution
		{4B98AD4F-1882-4DDA-A1B5-FF798D273E48}.Debug|Any CPU.ActiveCfg = Debug|Any CPU
		{4B98AD4F-1882-4DDA-A1B5-FF798D273E48}.Debug|Any CPU.Build.0 = Debug|Any CPU
		{4B98AD4F-1882-4DDA-A1B5-FF798D273E48}.Release|Any CPU.ActiveCfg = Release|Any CPU
		{4B98AD4F-1882-4DDA-A1B5-FF798D273E48}.Release|Any CPU.Build.0 = Release|Any CPU
	EndGlobalSection
	GlobalSection(SolutionProperties) = preSolution
		HideSolutionNode = FALSE
	EndGlobalSection
	GlobalSection(ExtensibilityGlobals) = postSolution
		SolutionGuid = {4946CA02-54E2-4457-8AED-3EC7D426CB51}
	EndGlobalSection
EndGlobal
